{
  "name": "lista-de-compras",
  "version": "1.0.0",
  "lockfileVersion": 3,
  "requires": true,
  "packages": {
    "": {
      "name": "lista-de-compras",
      "version": "1.0.0",
      "license": "ISC",
      "dependencies": {
        "parse": "^5.2.0"
      }
    },
    "node_modules/@babel/runtime-corejs3": {
      "version": "7.24.6",
      "resolved": "https://registry.npmjs.org/@babel/runtime-corejs3/-/runtime-corejs3-7.24.6.tgz",
      "integrity": "sha512-tbC3o8uHK9xMgMsvUm9qGqxVpbv6yborMBLbDteHIc7JDNHsTV0vDMQ5j1O1NXvO+BDELtL9KgoWYaUVIVGt8w==",
      "license": "MIT",
      "dependencies": {
        "core-js-pure": "^3.30.2",
        "regenerator-runtime": "^0.14.0"
      },
      "engines": {
        "node": ">=6.9.0"
      }
    },
    "node_modules/core-js-pure": {
      "version": "3.37.1",
      "resolved": "https://registry.npmjs.org/core-js-pure/-/core-js-pure-3.37.1.tgz",
      "integrity": "sha512-J/r5JTHSmzTxbiYYrzXg9w1VpqrYt+gexenBE9pugeyhwPZTAEJddyiReJWsLO6uNQ8xJZFbod6XC7KKwatCiA==",
      "hasInstallScript": true,
      "license": "MIT",
      "funding": {
        "type": "opencollective",
        "url": "https://opencollective.com/core-js"
      }
    },
    "node_modules/crypto-js": {
      "version": "4.2.0",
      "resolved": "https://registry.npmjs.org/crypto-js/-/crypto-js-4.2.0.tgz",
      "integrity": "sha512-KALDyEYgpY+Rlob/iriUtjV6d5Eq+Y191A5g4UqLAi8CyGP9N1+FdVbkc1SxKc2r4YAYqG8JzO2KGL+AizD70Q==",
      "license": "MIT",
      "optional": true
    },
    "node_modules/idb-keyval": {
      "version": "6.2.1",
      "resolved": "https://registry.npmjs.org/idb-keyval/-/idb-keyval-6.2.1.tgz",
      "integrity": "sha512-8Sb3veuYCyrZL+VBt9LJfZjLUPWVvqn8tG28VqYNFCo43KHcKuq+b4EiXGeuaLAQWL2YmyDgMp2aSpH9JHsEQg==",
      "license": "Apache-2.0"
    },
    "node_modules/parse": {
      "version": "5.2.0",
      "resolved": "https://registry.npmjs.org/parse/-/parse-5.2.0.tgz",
      "integrity": "sha512-FoD3kcLAQCw/2J1984sl3GUBzbHE2tA9mUcyw/EBWZ46WVZTzV+kjnA5tttXyzN4uodt21wSluzjbGnyLqreKw==",
      "license": "Apache-2.0",
      "dependencies": {
        "@babel/runtime-corejs3": "7.24.6",
        "idb-keyval": "6.2.1",
        "react-native-crypto-js": "1.0.0",
        "uuid": "10.0.0",
        "ws": "8.17.1",
        "xmlhttprequest": "1.8.0"
      },
      "engines": {
        "node": ">=18 <21"
      },
      "optionalDependencies": {
        "crypto-js": "4.2.0"
      }
    },
    "node_modules/react-native-crypto-js": {
      "version": "1.0.0",
      "resolved": "https://registry.npmjs.org/react-native-crypto-js/-/react-native-crypto-js-1.0.0.tgz",
      "integrity": "sha512-FNbLuG/HAdapQoybeZSoes1PWdOj0w242gb+e1R0hicf3Gyj/Mf8M9NaED2AnXVOX01b2FXomwUiw1xP1K+8sA==",
      "license": "MIT"
    },
    "node_modules/regenerator-runtime": {
      "version": "0.14.1",
      "resolved": "https://registry.npmjs.org/regenerator-runtime/-/regenerator-runtime-0.14.1.tgz",
      "integrity": "sha512-dYnhHh0nJoMfnkZs6GmmhFknAGRrLznOu5nc9ML+EJxGvrx6H7teuevqVqCuPcPK//3eDrrjQhehXVx9cnkGdw==",
      "license": "MIT"
    },
    "node_modules/uuid": {
      "version": "10.0.0",
      "resolved": "https://registry.npmjs.org/uuid/-/uuid-10.0.0.tgz",
      "integrity": "sha512-8XkAphELsDnEGrDxUOHB3RGvXz6TeuYSGEZBOjtTtPm2lwhGBjLgOzLHB63IUWfBpNucQjND6d3AOudO+H3RWQ==",
      "funding": [
        "https://github.com/sponsors/broofa",
        "https://github.com/sponsors/ctavan"
      ],
      "license": "MIT",
      "bin": {
        "uuid": "dist/bin/uuid"
      }
    },
    "node_modules/ws": {
      "version": "8.17.1",
      "resolved": "https://registry.npmjs.org/ws/-/ws-8.17.1.tgz",
      "integrity": "sha512-6XQFvXTkbfUOZOKKILFG1PDK2NDQs4azKQl26T0YS5CxqWLgXajbPZ+h4gZekJyRqFU8pvnbAbbs/3TgRPy+GQ==",
      "license": "MIT",
      "engines": {
        "node": ">=10.0.0"
      },
      "peerDependencies": {
        "bufferutil": "^4.0.1",
        "utf-8-validate": ">=5.0.2"
      },
      "peerDependenciesMeta": {
        "bufferutil": {
          "optional": true
        },
        "utf-8-validate": {
          "optional": true
        }
      }
    },
    "node_modules/xmlhttprequest": {
      "version": "1.8.0",
      "resolved": "https://registry.npmjs.org/xmlhttprequest/-/xmlhttprequest-1.8.0.tgz",
      "integrity": "sha512-58Im/U0mlVBLM38NdZjHyhuMtCqa61469k2YP/AaPbvCoV9aQGUpbJBj1QRm2ytRiVQBD/fsw7L2bJGDVQswBA==",
      "license": "MIT",
      "engines": {
        "node": ">=0.4.0"
      }
    }
  }
}
